
Microsoft Visual Studio Solution File, Format Version 12.00
# Visual Studio Version 17
VisualStudioVersion = 17.3.32519.111
MinimumVisualStudioVersion = 10.0.40219.1
Project("{FAE04EC0-301F-11D3-BF4B-00C04F79EFBC}") = "gmadui", "gmadget2\gmadui.csproj", "{65E4F965-DF56-4937-B10D-72394FD63024}"
EndProject
Project("{FAE04EC0-301F-11D3-BF4B-00C04F79EFBC}") = "gmadconsole", "gmadconsole\gmadconsole.csproj", "{D4DDD7EF-334A-43A9-BC20-85587FDF88EE}"
EndProject
Project("{FAE04EC0-301F-11D3-BF4B-00C04F79EFBC}") = "gmaddownloadapi", "gmaddownloadapi\gmaddownloadapi.csproj", "{96DECA3B-292D-44C5-88B1-C513FD23BD38}"
EndProject
Global
	GlobalSection(SolutionConfigurationPlatforms) = preSolution
		Debug|Any CPU = Debug|Any CPU
		Release|Any CPU = Release|Any CPU
	EndGlobalSection
	GlobalSection(ProjectConfigurationPlatforms) = postSolution
		{65E4F965-DF56-4937-B10D-72394FD63024}.Debug|Any CPU.ActiveCfg = Debug|Any CPU
		{65E4F965-DF56-4937-B10D-72394FD63024}.Debug|Any CPU.Build.0 = Debug|Any CPU
		{65E4F965-DF56-4937-B10D-72394FD63024}.Release|Any CPU.ActiveCfg = Release|Any CPU
		{65E4F965-DF56-4937-B10D-72394FD63024}.Release|Any CPU.Build.0 = Release|Any CPU
		{D4DDD7EF-334A-43A9-BC20-85587FDF88EE}.Debug|Any CPU.ActiveCfg = Debug|Any CPU
		{D4DDD7EF-334A-43A9-BC20-85587FDF88EE}.Debug|Any CPU.Build.0 = Debug|Any CPU
		{D4DDD7EF-334A-43A9-BC20-85587FDF88EE}.Release|Any CPU.ActiveCfg = Release|Any CPU
		{D4DDD7EF-334A-43A9-BC20-85587FDF88EE}.Release|Any CPU.Build.0 = Release|Any CPU
		{96DECA3B-292D-44C5-88B1-C513FD23BD38}.Debug|Any CPU.ActiveCfg = Debug|Any CPU
		{96DECA3B-292D-44C5-88B1-C513FD23BD38}.Debug|Any CPU.Build.0 = Debug|Any CPU
		{96DECA3B-292D-44C5-88B1-C513FD23BD38}.Release|Any CPU.ActiveCfg = Release|Any CPU
		{96DECA3B-292D-44C5-88B1-C513FD23BD38}.Release|Any CPU.Build.0 = Release|Any CPU
	EndGlobalSection
	GlobalSection(SolutionProperties) = preSolution
		HideSolutionNode = FALSE
	EndGlobalSection
	GlobalSection(ExtensibilityGlobals) = postSolution
		SolutionGuid = {02ABFE75-5C01-4B40-8867-1964AB1C7CA6}
	EndGlobalSection
EndGlobal
